
Microsoft Visual Studio Solution File, Format Version 12.00
# Visual Studio Version 17
VisualStudioVersion = 17.0.31903.59
MinimumVisualStudioVersion = 10.0.40219.1
Project("{FAE04EC0-301F-11D3-BF4B-00C04F79EFBC}") = "SGE.Aplicacion", "SGE.Aplicacion\SGE.Aplicacion.csproj", "{909F8A88-B607-4D4D-8F36-5E7A4E646E5F}"
EndProject
Project("{FAE04EC0-301F-11D3-BF4B-00C04F79EFBC}") = "SGE.Repositorios", "SGE.Repositorios\SGE.Repositorios.csproj", "{59951091-1922-4499-BB8D-2929AABBC9B6}"
EndProject
Project("{FAE04EC0-301F-11D3-BF4B-00C04F79EFBC}") = "SGE.UserI", "SGE.UserI\SGE.UserI.csproj", "{5DA87278-080A-4396-A8F5-EB0A2CA62F9F}"
EndProject
Global
	GlobalSection(SolutionConfigurationPlatforms) = preSolution
		Debug|Any CPU = Debug|Any CPU
		Release|Any CPU = Release|Any CPU
	EndGlobalSection
	GlobalSection(SolutionProperties) = preSolution
		HideSolutionNode = FALSE
	EndGlobalSection
	GlobalSection(ProjectConfigurationPlatforms) = postSolution
		{A1E589C2-E29F-4DE1-B209-0D29161043F2}.Debug|Any CPU.ActiveCfg = Debug|Any CPU
		{A1E589C2-E29F-4DE1-B209-0D29161043F2}.Debug|Any CPU.Build.0 = Debug|Any CPU
		{A1E589C2-E29F-4DE1-B209-0D29161043F2}.Release|Any CPU.ActiveCfg = Release|Any CPU
		{A1E589C2-E29F-4DE1-B209-0D29161043F2}.Release|Any CPU.Build.0 = Release|Any CPU
		{0352409A-BF71-4975-A8D2-D205257D049E}.Debug|Any CPU.ActiveCfg = Debug|Any CPU
		{0352409A-BF71-4975-A8D2-D205257D049E}.Debug|Any CPU.Build.0 = Debug|Any CPU
		{0352409A-BF71-4975-A8D2-D205257D049E}.Release|Any CPU.ActiveCfg = Release|Any CPU
		{0352409A-BF71-4975-A8D2-D205257D049E}.Release|Any CPU.Build.0 = Release|Any CPU
		{DE3AB24B-43A0-4C57-A8EF-3ACF9DAC9E98}.Debug|Any CPU.ActiveCfg = Debug|Any CPU
		{DE3AB24B-43A0-4C57-A8EF-3ACF9DAC9E98}.Debug|Any CPU.Build.0 = Debug|Any CPU
		{DE3AB24B-43A0-4C57-A8EF-3ACF9DAC9E98}.Release|Any CPU.ActiveCfg = Release|Any CPU
		{DE3AB24B-43A0-4C57-A8EF-3ACF9DAC9E98}.Release|Any CPU.Build.0 = Release|Any CPU
		{11CA10F5-99BF-45F9-83E5-02E669A44DA7}.Debug|Any CPU.ActiveCfg = Debug|Any CPU
		{11CA10F5-99BF-45F9-83E5-02E669A44DA7}.Debug|Any CPU.Build.0 = Debug|Any CPU
		{11CA10F5-99BF-45F9-83E5-02E669A44DA7}.Release|Any CPU.ActiveCfg = Release|Any CPU
		{11CA10F5-99BF-45F9-83E5-02E669A44DA7}.Release|Any CPU.Build.0 = Release|Any CPU
		{80010382-12A0-4742-A914-C0D687C2D83D}.Debug|Any CPU.ActiveCfg = Debug|Any CPU
		{80010382-12A0-4742-A914-C0D687C2D83D}.Debug|Any CPU.Build.0 = Debug|Any CPU
		{80010382-12A0-4742-A914-C0D687C2D83D}.Release|Any CPU.ActiveCfg = Release|Any CPU
		{80010382-12A0-4742-A914-C0D687C2D83D}.Release|Any CPU.Build.0 = Release|Any CPU
		{4438B60F-F714-4819-BB00-93B88AD9F00B}.Debug|Any CPU.ActiveCfg = Debug|Any CPU
		{4438B60F-F714-4819-BB00-93B88AD9F00B}.Debug|Any CPU.Build.0 = Debug|Any CPU
		{4438B60F-F714-4819-BB00-93B88AD9F00B}.Release|Any CPU.ActiveCfg = Release|Any CPU
		{4438B60F-F714-4819-BB00-93B88AD9F00B}.Release|Any CPU.Build.0 = Release|Any CPU
		{909F8A88-B607-4D4D-8F36-5E7A4E646E5F}.Debug|Any CPU.ActiveCfg = Debug|Any CPU
		{909F8A88-B607-4D4D-8F36-5E7A4E646E5F}.Debug|Any CPU.Build.0 = Debug|Any CPU
		{909F8A88-B607-4D4D-8F36-5E7A4E646E5F}.Release|Any CPU.ActiveCfg = Release|Any CPU
		{909F8A88-B607-4D4D-8F36-5E7A4E646E5F}.Release|Any CPU.Build.0 = Release|Any CPU
		{59951091-1922-4499-BB8D-2929AABBC9B6}.Debug|Any CPU.ActiveCfg = Debug|Any CPU
		{59951091-1922-4499-BB8D-2929AABBC9B6}.Debug|Any CPU.Build.0 = Debug|Any CPU
		{59951091-1922-4499-BB8D-2929AABBC9B6}.Release|Any CPU.ActiveCfg = Release|Any CPU
		{59951091-1922-4499-BB8D-2929AABBC9B6}.Release|Any CPU.Build.0 = Release|Any CPU
		{3429F808-66CA-4948-9359-A2FAE4B66958}.Debug|Any CPU.ActiveCfg = Debug|Any CPU
		{3429F808-66CA-4948-9359-A2FAE4B66958}.Debug|Any CPU.Build.0 = Debug|Any CPU
		{3429F808-66CA-4948-9359-A2FAE4B66958}.Release|Any CPU.ActiveCfg = Release|Any CPU
		{3429F808-66CA-4948-9359-A2FAE4B66958}.Release|Any CPU.Build.0 = Release|Any CPU
		{5DA87278-080A-4396-A8F5-EB0A2CA62F9F}.Debug|Any CPU.ActiveCfg = Debug|Any CPU
		{5DA87278-080A-4396-A8F5-EB0A2CA62F9F}.Debug|Any CPU.Build.0 = Debug|Any CPU
		{5DA87278-080A-4396-A8F5-EB0A2CA62F9F}.Release|Any CPU.ActiveCfg = Release|Any CPU
		{5DA87278-080A-4396-A8F5-EB0A2CA62F9F}.Release|Any CPU.Build.0 = Release|Any CPU
	EndGlobalSection
EndGlobal
